
Microsoft Visual Studio Solution File, Format Version 12.00
# Visual Studio Version 17
VisualStudioVersion = 17.10.34916.146
MinimumVisualStudioVersion = 10.0.40219.1
Project("{FAE04EC0-301F-11D3-BF4B-00C04F79EFBC}") = "AnimasyonaGiris", "AnimasyonaGiris.csproj", "{BBE4DF58-8413-422F-9355-17BE4A88317D}"
EndProject
Global
	GlobalSection(SolutionConfigurationPlatforms) = preSolution
		Debug|Any CPU = Debug|Any CPU
		Release|Any CPU = Release|Any CPU
	EndGlobalSection
	GlobalSection(ProjectConfigurationPlatforms) = postSolution
		{BBE4DF58-8413-422F-9355-17BE4A88317D}.Debug|Any CPU.ActiveCfg = Debug|Any CPU
		{BBE4DF58-8413-422F-9355-17BE4A88317D}.Debug|Any CPU.Build.0 = Debug|Any CPU
		{BBE4DF58-8413-422F-9355-17BE4A88317D}.Release|Any CPU.ActiveCfg = Release|Any CPU
		{BBE4DF58-8413-422F-9355-17BE4A88317D}.Release|Any CPU.Build.0 = Release|Any CPU
	EndGlobalSection
	GlobalSection(SolutionProperties) = preSolution
		HideSolutionNode = FALSE
	EndGlobalSection
	GlobalSection(ExtensibilityGlobals) = postSolution
		SolutionGuid = {2AFAEA84-B39D-49D2-B725-B43269A1D697}
	EndGlobalSection
EndGlobal
